
Microsoft Visual Studio Solution File, Format Version 12.00
# Visual Studio 15
VisualStudioVersion = 15.0.27130.2020
MinimumVisualStudioVersion = 10.0.40219.1
Project("{E24C65DC-7377-472B-9ABA-BC803B73C61A}") = "flexBoxExampleTwoCards", "flexBoxExampleTwoCards\", "{CE2D4759-6465-4033-ABEC-E71CE3191B14}"
	ProjectSection(WebsiteProperties) = preProject
		TargetFrameworkMoniker = ".NETFramework,Version%3Dv4.6.1"
		Debug.AspNetCompiler.VirtualPath = "/localhost_65311"
		Debug.AspNetCompiler.PhysicalPath = "flexBoxExampleTwoCards\"
		Debug.AspNetCompiler.TargetPath = "PrecompiledWeb\localhost_65311\"
		Debug.AspNetCompiler.Updateable = "true"
		Debug.AspNetCompiler.ForceOverwrite = "true"
		Debug.AspNetCompiler.FixedNames = "false"
		Debug.AspNetCompiler.Debug = "True"
		Release.AspNetCompiler.VirtualPath = "/localhost_65311"
		Release.AspNetCompiler.PhysicalPath = "flexBoxExampleTwoCards\"
		Release.AspNetCompiler.TargetPath = "PrecompiledWeb\localhost_65311\"
		Release.AspNetCompiler.Updateable = "true"
		Release.AspNetCompiler.ForceOverwrite = "true"
		Release.AspNetCompiler.FixedNames = "false"
		Release.AspNetCompiler.Debug = "False"
		VWDPort = "65311"
		SlnRelativePath = "flexBoxExampleTwoCards\"
		DefaultWebSiteLanguage = "Visual C#"
	EndProjectSection
EndProject
Global
	GlobalSection(SolutionConfigurationPlatforms) = preSolution
		Debug|Any CPU = Debug|Any CPU
	EndGlobalSection
	GlobalSection(ProjectConfigurationPlatforms) = postSolution
		{CE2D4759-6465-4033-ABEC-E71CE3191B14}.Debug|Any CPU.ActiveCfg = Debug|Any CPU
		{CE2D4759-6465-4033-ABEC-E71CE3191B14}.Debug|Any CPU.Build.0 = Debug|Any CPU
	EndGlobalSection
	GlobalSection(SolutionProperties) = preSolution
		HideSolutionNode = FALSE
	EndGlobalSection
	GlobalSection(ExtensibilityGlobals) = postSolution
		SolutionGuid = {56C8D54A-5AA1-4181-9AD5-8DCD845C199B}
	EndGlobalSection
EndGlobal
